uuid: ecfbdff0-a8aa-4368-80b8-5bc8552a092e
langcode: en
status: true
dependencies:
  content:
    - 'block_content:scc_50th_president_timeline:770e754c-5237-423d-8ebe-3c0268c17541'
  module:
    - block_content
    - system
  theme:
    - scc_heros
id: scc_50th_president_timeline_block
theme: scc_heros
region: content
weight: -12
provider: null
plugin: 'block_content:770e754c-5237-423d-8ebe-3c0268c17541'
settings:
  id: 'block_content:770e754c-5237-423d-8ebe-3c0268c17541'
  label: 'Leadership Timeline'
  provider: block_content
  label_display: visible
  status: true
  info: ''
  view_mode: full
visibility:
  request_path:
    id: request_path
    pages: /president
    negate: false
    context_mapping: {  }
